
Microsoft Visual Studio Solution File, Format Version 12.00
# Visual Studio Version 17
VisualStudioVersion = 17.11.35312.102
MinimumVisualStudioVersion = 10.0.40219.1
Project("{FAE04EC0-301F-11D3-BF4B-00C04F79EFBC}") = "WebApplication2", "WebApplication2\WebApplication2.csproj", "{FED6F173-6D61-4E19-A128-6EBCEAE0C3FC}"
EndProject
Global
	GlobalSection(SolutionConfigurationPlatforms) = preSolution
		Debug|Any CPU = Debug|Any CPU
		Release|Any CPU = Release|Any CPU
	EndGlobalSection
	GlobalSection(ProjectConfigurationPlatforms) = postSolution
		{FED6F173-6D61-4E19-A128-6EBCEAE0C3FC}.Debug|Any CPU.ActiveCfg = Debug|Any CPU
		{FED6F173-6D61-4E19-A128-6EBCEAE0C3FC}.Debug|Any CPU.Build.0 = Debug|Any CPU
		{FED6F173-6D61-4E19-A128-6EBCEAE0C3FC}.Release|Any CPU.ActiveCfg = Release|Any CPU
		{FED6F173-6D61-4E19-A128-6EBCEAE0C3FC}.Release|Any CPU.Build.0 = Release|Any CPU
	EndGlobalSection
	GlobalSection(SolutionProperties) = preSolution
		HideSolutionNode = FALSE
	EndGlobalSection
	GlobalSection(ExtensibilityGlobals) = postSolution
		SolutionGuid = {D198BD4C-C215-4480-B6C5-E312524D2FDD}
	EndGlobalSection
EndGlobal
